PODS:
  - Capacitor (7.4.4):
    - CapacitorCordova
  - CapacitorBarcodeScanner (2.2.0):
    - Capacitor
    - OSBarcodeLib (= 2.0.1)
  - CapacitorBrowser (7.0.2):
    - Capacitor
  - CapacitorCamera (7.0.2):
    - Capacitor
  - CapacitorCommunityFileOpener (7.0.1):
    - Capacitor
  - CapacitorCommunityStripe (7.2.2):
    - Capacitor
    - StripeApplePay (~> 25.1.0)
    - StripePaymentSheet (~> 25.1.0)
  - CapacitorCordova (7.4.4)
  - CapacitorFilesystem (7.1.4):
    - Capacitor
    - IONFilesystemLib (~> 1.0.1)
  - CapacitorGeolocation (7.1.5):
    - Capacitor
    - IONGeolocationLib (= 1.0.1)
  - CapacitorPreferences (7.0.2):
    - Capacitor
  - CapacitorShare (7.0.2):
    - Capacitor
  - CapawesomeCapacitorFilePicker (7.2.0):
    - Capacitor
  - CordovaPlugins (7.4.4):
    - CapacitorCordova
  - CordovaPluginsResources (0.0.105)
  - IONFilesystemLib (1.0.1)
  - IONGeolocationLib (1.0.1)
  - OSBarcodeLib (2.0.1)
  - StripeApplePay (25.1.1):
    - StripeCore (= 25.1.1)
  - StripeCore (25.1.1)
  - StripePayments (25.1.1):
    - StripeCore (= 25.1.1)
    - StripePayments/Stripe3DS2 (= 25.1.1)
  - StripePayments/Stripe3DS2 (25.1.1):
    - StripeCore (= 25.1.1)
  - StripePaymentSheet (25.1.1):
    - StripeApplePay (= 25.1.1)
    - StripeCore (= 25.1.1)
    - StripePayments (= 25.1.1)
    - StripePaymentsUI (= 25.1.1)
  - StripePaymentsUI (25.1.1):
    - StripeCore (= 25.1.1)
    - StripePayments (= 25.1.1)
    - StripeUICore (= 25.1.1)
  - StripeUICore (25.1.1):
    - StripeCore (= 25.1.1)

DEPENDENCIES:
  - "Capacitor (from `../../../../node_modules/@capacitor/ios`)"
  - "CapacitorBarcodeScanner (from `../../../../node_modules/@capacitor/barcode-scanner`)"
  - "CapacitorBrowser (from `../../../../node_modules/@capacitor/browser`)"
  - "CapacitorCamera (from `../../../../node_modules/@capacitor/camera`)"
  - "CapacitorCommunityFileOpener (from `../../../../node_modules/@capacitor-community/file-opener`)"
  - "CapacitorCommunityStripe (from `../../../../node_modules/@capacitor-community/stripe`)"
  - "CapacitorCordova (from `../../../../node_modules/@capacitor/ios`)"
  - "CapacitorFilesystem (from `../../../../node_modules/@capacitor/filesystem`)"
  - "CapacitorGeolocation (from `../../../../node_modules/@capacitor/geolocation`)"
  - "CapacitorPreferences (from `../../../../node_modules/@capacitor/preferences`)"
  - "CapacitorShare (from `../../../../node_modules/@capacitor/share`)"
  - "CapawesomeCapacitorFilePicker (from `../../../../node_modules/@capawesome/capacitor-file-picker`)"
  - CordovaPlugins (from `../capacitor-cordova-ios-plugins`)
  - CordovaPluginsResources (from `../capacitor-cordova-ios-plugins`)

SPEC REPOS:
  trunk:
    - IONFilesystemLib
    - IONGeolocationLib
    - OSBarcodeLib
    - StripeApplePay
    - StripeCore
    - StripePayments
    - StripePaymentSheet
    - StripePaymentsUI
    - StripeUICore

EXTERNAL SOURCES:
  Capacitor:
    :path: "../../../../node_modules/@capacitor/ios"
  CapacitorBarcodeScanner:
    :path: "../../../../node_modules/@capacitor/barcode-scanner"
  CapacitorBrowser:
    :path: "../../../../node_modules/@capacitor/browser"
  CapacitorCamera:
    :path: "../../../../node_modules/@capacitor/camera"
  CapacitorCommunityFileOpener:
    :path: "../../../../node_modules/@capacitor-community/file-opener"
  CapacitorCommunityStripe:
    :path: "../../../../node_modules/@capacitor-community/stripe"
  CapacitorCordova:
    :path: "../../../../node_modules/@capacitor/ios"
  CapacitorFilesystem:
    :path: "../../../../node_modules/@capacitor/filesystem"
  CapacitorGeolocation:
    :path: "../../../../node_modules/@capacitor/geolocation"
  CapacitorPreferences:
    :path: "../../../../node_modules/@capacitor/preferences"
  CapacitorShare:
    :path: "../../../../node_modules/@capacitor/share"
  CapawesomeCapacitorFilePicker:
    :path: "../../../../node_modules/@capawesome/capacitor-file-picker"
  CordovaPlugins:
    :path: "../capacitor-cordova-ios-plugins"
  CordovaPluginsResources:
    :path: "../capacitor-cordova-ios-plugins"

SPEC CHECKSUMS:
  Capacitor: 09d9ff8e9618e8c4b3cab2bbee34a17215dd2fef
  CapacitorBarcodeScanner: 8de3b13b681ff3b92e21b286e9847ee525f44796
  CapacitorBrowser: 45c681e7abc3b4384e54eb52bafeef1347d98fa8
  CapacitorCamera: 6e18d54c8ab30d7dc7b8cd93d96f9b4f57e9202a
  CapacitorCommunityFileOpener: 9611c9d1595de7b50571717d443bb718a304b5eb
  CapacitorCommunityStripe: 9bced495e58f74d96016dc094167736061364c06
  CapacitorCordova: bf648a636f3c153f652d312ae145fb508b6ffced
  CapacitorFilesystem: ac0a386949ed6c295a3dffa129ecd26b881ae5be
  CapacitorGeolocation: b96474c3259dd4a294227ea8ec19140b1837cceb
  CapacitorPreferences: b583b5deb74e564c35968189d25d32c0fd41200d
  CapacitorShare: 051c3ceee0ddf3bb54574851a622bbb317eed5bd
  CapawesomeCapacitorFilePicker: 005c33082078c1dd528ba9204aa49e97d62b68b7
  CordovaPlugins: 1dfab3910edfa53cf9b42b1b00d299d3128b78cb
  CordovaPluginsResources: da93847212bf7b16ba770e4d6c3e7dba820174c7
  IONFilesystemLib: 89258b8e3e85465da93127d25d7ce37f977e8a6f
  IONGeolocationLib: 20f9d0248a0b5264511fb57a37e25dd2badf797a
  OSBarcodeLib: 57987d2eb1f916f701f4554e20e349b3cb83f023
  StripeApplePay: 4428e5826335017151eeff87e9d36f6688eaa593
  StripeCore: 76440c9bf61bd84149014414ced3470b8d94eb8e
  StripePayments: ace6def8949ed33434a5db2f8fdd184388636be5
  StripePaymentSheet: ec3dadf54b470250a40b3c5f7164641a0f1063c3
  StripePaymentsUI: 702926af8eae0901821907014ab90c72fc3eabab
  StripeUICore: c3de64fb6ab7ef376128e862f6bc6817e0a964e9

PODFILE CHECKSUM: dfa8733485fbdc4d498b7e98a37988ac70bcdbf6

COCOAPODS: 1.14.2
