PODS:
  - Capacitor (7.4.4):
    - CapacitorCordova
  - CapacitorBarcodeScanner (2.2.0):
    - Capacitor
    - OSBarcodeLib (= 2.0.1)
  - CapacitorBrowser (7.0.2):
    - Capacitor
  - CapacitorCamera (7.0.2):
    - Capacitor
  - CapacitorCommunityFileOpener (7.0.1):
    - Capacitor
  - CapacitorCommunityStripe (7.2.1):
    - Capacitor
    - StripeApplePay (~> 24.16.1)
    - StripePaymentSheet (~> 24.16.1)
  - CapacitorCordova (7.4.4)
  - CapacitorFilesystem (7.1.4):
    - Capacitor
    - IONFilesystemLib (~> 1.0.1)
  - CapacitorGeolocation (7.1.5):
    - Capacitor
    - IONGeolocationLib (= 1.0.1)
  - CapacitorPreferences (7.0.2):
    - Capacitor
  - CapacitorShare (7.0.2):
    - Capacitor
  - CapawesomeCapacitorFilePicker (7.2.0):
    - Capacitor
  - CordovaPlugins (7.4.4):
    - CapacitorCordova
  - CordovaPluginsResources (0.0.105)
  - IONFilesystemLib (1.0.1)
  - IONGeolocationLib (1.0.1)
  - OSBarcodeLib (2.0.1)
  - StripeApplePay (24.16.2):
    - StripeCore (= 24.16.2)
  - StripeCore (24.16.2)
  - StripePayments (24.16.2):
    - StripeCore (= 24.16.2)
    - StripePayments/Stripe3DS2 (= 24.16.2)
  - StripePayments/Stripe3DS2 (24.16.2):
    - StripeCore (= 24.16.2)
  - StripePaymentSheet (24.16.2):
    - StripeApplePay (= 24.16.2)
    - StripeCore (= 24.16.2)
    - StripePayments (= 24.16.2)
    - StripePaymentsUI (= 24.16.2)
  - StripePaymentsUI (24.16.2):
    - StripeCore (= 24.16.2)
    - StripePayments (= 24.16.2)
    - StripeUICore (= 24.16.2)
  - StripeUICore (24.16.2):
    - StripeCore (= 24.16.2)

DEPENDENCIES:
  - "Capacitor (from `../../../../node_modules/@capacitor/ios`)"
  - "CapacitorBarcodeScanner (from `../../../../node_modules/@capacitor/barcode-scanner`)"
  - "CapacitorBrowser (from `../../../../node_modules/@capacitor/browser`)"
  - "CapacitorCamera (from `../../../../node_modules/@capacitor/camera`)"
  - "CapacitorCommunityFileOpener (from `../../../../node_modules/@capacitor-community/file-opener`)"
  - "CapacitorCommunityStripe (from `../../../../node_modules/@capacitor-community/stripe`)"
  - "CapacitorCordova (from `../../../../node_modules/@capacitor/ios`)"
  - "CapacitorFilesystem (from `../../../../node_modules/@capacitor/filesystem`)"
  - "CapacitorGeolocation (from `../../../../node_modules/@capacitor/geolocation`)"
  - "CapacitorPreferences (from `../../../../node_modules/@capacitor/preferences`)"
  - "CapacitorShare (from `../../../../node_modules/@capacitor/share`)"
  - "CapawesomeCapacitorFilePicker (from `../../../../node_modules/@capawesome/capacitor-file-picker`)"
  - CordovaPlugins (from `../capacitor-cordova-ios-plugins`)
  - CordovaPluginsResources (from `../capacitor-cordova-ios-plugins`)

SPEC REPOS:
  trunk:
    - IONFilesystemLib
    - IONGeolocationLib
    - OSBarcodeLib
    - StripeApplePay
    - StripeCore
    - StripePayments
    - StripePaymentSheet
    - StripePaymentsUI
    - StripeUICore

EXTERNAL SOURCES:
  Capacitor:
    :path: "../../../../node_modules/@capacitor/ios"
  CapacitorBarcodeScanner:
    :path: "../../../../node_modules/@capacitor/barcode-scanner"
  CapacitorBrowser:
    :path: "../../../../node_modules/@capacitor/browser"
  CapacitorCamera:
    :path: "../../../../node_modules/@capacitor/camera"
  CapacitorCommunityFileOpener:
    :path: "../../../../node_modules/@capacitor-community/file-opener"
  CapacitorCommunityStripe:
    :path: "../../../../node_modules/@capacitor-community/stripe"
  CapacitorCordova:
    :path: "../../../../node_modules/@capacitor/ios"
  CapacitorFilesystem:
    :path: "../../../../node_modules/@capacitor/filesystem"
  CapacitorGeolocation:
    :path: "../../../../node_modules/@capacitor/geolocation"
  CapacitorPreferences:
    :path: "../../../../node_modules/@capacitor/preferences"
  CapacitorShare:
    :path: "../../../../node_modules/@capacitor/share"
  CapawesomeCapacitorFilePicker:
    :path: "../../../../node_modules/@capawesome/capacitor-file-picker"
  CordovaPlugins:
    :path: "../capacitor-cordova-ios-plugins"
  CordovaPluginsResources:
    :path: "../capacitor-cordova-ios-plugins"

SPEC CHECKSUMS:
  Capacitor: 09d9ff8e9618e8c4b3cab2bbee34a17215dd2fef
  CapacitorBarcodeScanner: 8de3b13b681ff3b92e21b286e9847ee525f44796
  CapacitorBrowser: 45c681e7abc3b4384e54eb52bafeef1347d98fa8
  CapacitorCamera: 6e18d54c8ab30d7dc7b8cd93d96f9b4f57e9202a
  CapacitorCommunityFileOpener: 9611c9d1595de7b50571717d443bb718a304b5eb
  CapacitorCommunityStripe: 1d73dcf7984c05ad790132fa582bc761454ec92e
  CapacitorCordova: bf648a636f3c153f652d312ae145fb508b6ffced
  CapacitorFilesystem: ac0a386949ed6c295a3dffa129ecd26b881ae5be
  CapacitorGeolocation: b96474c3259dd4a294227ea8ec19140b1837cceb
  CapacitorPreferences: b583b5deb74e564c35968189d25d32c0fd41200d
  CapacitorShare: 051c3ceee0ddf3bb54574851a622bbb317eed5bd
  CapawesomeCapacitorFilePicker: 005c33082078c1dd528ba9204aa49e97d62b68b7
  CordovaPlugins: 1dfab3910edfa53cf9b42b1b00d299d3128b78cb
  CordovaPluginsResources: da93847212bf7b16ba770e4d6c3e7dba820174c7
  IONFilesystemLib: 89258b8e3e85465da93127d25d7ce37f977e8a6f
  IONGeolocationLib: 20f9d0248a0b5264511fb57a37e25dd2badf797a
  OSBarcodeLib: 57987d2eb1f916f701f4554e20e349b3cb83f023
  StripeApplePay: 66dc43ec1284904a2cf4c5a0906f86296d23afbd
  StripeCore: f3a62397cecaf4da1827bcf07de7312ec1f3b96e
  StripePayments: b3e7817d821ceedd469008d17d94a1494ff1b624
  StripePaymentSheet: f4f5b71cef665f05a185c29b2d4b59e7dd8c117d
  StripePaymentsUI: d489e73bf790da1c74e642021475b1a09a4a4500
  StripeUICore: 723e5024c83acb5ba5e71335e110a471b182a74d

PODFILE CHECKSUM: e2d22a5fa1481bc995fe2313d3ede8b62e3b9d22

COCOAPODS: 1.14.2
