PODS:
  - Capacitor (4.0.1):
    - CapacitorCordova
  - CapacitorBrowser (4.0.1):
    - Capacitor
  - CapacitorCamera (4.0.1):
    - Capacitor
  - CapacitorCommunityBarcodeScanner (3.0.0):
    - Capacitor
  - CapacitorCordova (4.0.1)
  - CapacitorGeolocation (4.0.1):
    - Capacitor
  - CapacitorPreferences (4.0.1):
    - Capacitor
  - CapacitorShare (4.0.1):
    - Capacitor
  - CordovaPlugins (4.0.1):
    - CapacitorCordova

DEPENDENCIES:
  - "Capacitor (from `../../node_modules/@capacitor/ios`)"
  - "CapacitorBrowser (from `../../node_modules/@capacitor/browser`)"
  - "CapacitorCamera (from `../../node_modules/@capacitor/camera`)"
  - "CapacitorCommunityBarcodeScanner (from `../../node_modules/@capacitor-community/barcode-scanner`)"
  - "CapacitorCordova (from `../../node_modules/@capacitor/ios`)"
  - "CapacitorGeolocation (from `../../node_modules/@capacitor/geolocation`)"
  - "CapacitorPreferences (from `../../node_modules/@capacitor/preferences`)"
  - "CapacitorShare (from `../../node_modules/@capacitor/share`)"
  - CordovaPlugins (from `../capacitor-cordova-ios-plugins`)

EXTERNAL SOURCES:
  Capacitor:
    :path: "../../node_modules/@capacitor/ios"
  CapacitorBrowser:
    :path: "../../node_modules/@capacitor/browser"
  CapacitorCamera:
    :path: "../../node_modules/@capacitor/camera"
  CapacitorCommunityBarcodeScanner:
    :path: "../../node_modules/@capacitor-community/barcode-scanner"
  CapacitorCordova:
    :path: "../../node_modules/@capacitor/ios"
  CapacitorGeolocation:
    :path: "../../node_modules/@capacitor/geolocation"
  CapacitorPreferences:
    :path: "../../node_modules/@capacitor/preferences"
  CapacitorShare:
    :path: "../../node_modules/@capacitor/share"
  CordovaPlugins:
    :path: "../capacitor-cordova-ios-plugins"

SPEC CHECKSUMS:
  Capacitor: 706b36563433f4a866cbe6d2eade7c04725d9e08
  CapacitorBrowser: dd60215f52e232cb209459b0b77cea56ea2e8ade
  CapacitorCamera: 4046d8d3e5b1eb751d7e5ec0958b15fc259f998b
  CapacitorCommunityBarcodeScanner: 8e526b1c58c560f0f5cc304e76c237302cf8dba3
  CapacitorCordova: 728728aeeee853028558fefb4ccf7310e9d85a7a
  CapacitorGeolocation: 93f083a72975290636dfad73e8afc5d3a0892982
  CapacitorPreferences: d365ea3b5023b2aac39e8f5ce18de141e39d2cae
  CapacitorShare: d5da7b440281d2eaef9c4af7e913548fb060a7bc
  CordovaPlugins: 5872f4705ed921cf2b953038e6b069199c517604

PODFILE CHECKSUM: a601c13be92ded977d0f80ffa01bd24d87c32497

COCOAPODS: 1.11.2
