PODS:
  - Capacitor (3.5.1):
    - CapacitorCordova
  - CapacitorBrowser (1.0.7):
    - Capacitor
  - CapacitorCamera (1.3.1):
    - Capacitor
  - CapacitorCordova (3.5.1)
  - CapacitorGeolocation (1.3.1):
    - Capacitor
  - CapacitorShare (1.1.1):
    - Capacitor
  - CapacitorStorage (1.2.4):
    - Capacitor
  - CordovaPlugins (3.5.1):
    - CapacitorCordova
  - CordovaPluginsResources (0.0.105)

DEPENDENCIES:
  - "Capacitor (from `../../node_modules/@capacitor/ios`)"
  - "CapacitorBrowser (from `../../node_modules/@capacitor/browser`)"
  - "CapacitorCamera (from `../../node_modules/@capacitor/camera`)"
  - "CapacitorCordova (from `../../node_modules/@capacitor/ios`)"
  - "CapacitorGeolocation (from `../../node_modules/@capacitor/geolocation`)"
  - "CapacitorShare (from `../../node_modules/@capacitor/share`)"
  - "CapacitorStorage (from `../../node_modules/@capacitor/storage`)"
  - CordovaPlugins (from `../capacitor-cordova-ios-plugins`)
  - CordovaPluginsResources (from `../capacitor-cordova-ios-plugins`)

EXTERNAL SOURCES:
  Capacitor:
    :path: "../../node_modules/@capacitor/ios"
  CapacitorBrowser:
    :path: "../../node_modules/@capacitor/browser"
  CapacitorCamera:
    :path: "../../node_modules/@capacitor/camera"
  CapacitorCordova:
    :path: "../../node_modules/@capacitor/ios"
  CapacitorGeolocation:
    :path: "../../node_modules/@capacitor/geolocation"
  CapacitorShare:
    :path: "../../node_modules/@capacitor/share"
  CapacitorStorage:
    :path: "../../node_modules/@capacitor/storage"
  CordovaPlugins:
    :path: "../capacitor-cordova-ios-plugins"
  CordovaPluginsResources:
    :path: "../capacitor-cordova-ios-plugins"

SPEC CHECKSUMS:
  Capacitor: a13a4a985bf4e3eac033c74848c77ff29dfa13ca
  CapacitorBrowser: b4ee622a4003e0360b2cbcbd17550b3b1f56203e
  CapacitorCamera: 516a1d0d554357def17e85c8e492d5a983aab80f
  CapacitorCordova: 9305ba1d3c73fa7271f5b2c3ca8a92ea76b56c74
  CapacitorGeolocation: 184809324d0bb80c664a157489127fd5db6be067
  CapacitorShare: ae4e6c8f0abbd5bdfda30d039d8c50bef66ad05f
  CapacitorStorage: 8ec2cf8fec179d829288b16c6fba6c3c43d2bdc9
  CordovaPlugins: 408f400a17a03b861eb2442b9559a3e141bde4f6
  CordovaPluginsResources: 1b3992e05cb6336d2850cd77dd5e3054f2f76f96

PODFILE CHECKSUM: 0fec896c48b3e193174ea63831e563c1ed533c80

COCOAPODS: 1.11.2
